Microsoft Visual Studio Solution File, Format Version 12.00
# Visual Studio Version 17
VisualStudioVersion = 17.5.2.0
MinimumVisualStudioVersion = 10.0.40219.1
Project("{FAE04EC0-301F-11D3-BF4B-00C04F79EFBC}") = "Modules", "Modules\Modules.csproj", "{40226C7B-9CAE-B68E-9D34-CA1238368FD6}"
EndProject
Project("{FAE04EC0-301F-11D3-BF4B-00C04F79EFBC}") = "Api", "Api\Api.csproj", "{CBFA08EA-AECE-205F-7B85-326FD0B81BAD}"
EndProject
Project("{FAE04EC0-301F-11D3-BF4B-00C04F79EFBC}") = "Infrastructure", "Infrastructure\Infrastructure.csproj", "{5872AEB3-BAA3-FE31-B0EB-0FB6DBEDCF83}"
EndProject
Project("{FAE04EC0-301F-11D3-BF4B-00C04F79EFBC}") = "Common", "Common\Common.csproj", "{92845781-23F3-4772-8EE9-1BCB8939FA69}"
EndProject
Project("{E53339B2-1760-4266-BCC7-CA923CBCF16C}") = "docker-compose", "docker-compose.dcproj", "{81DDED9D-158B-E303-5F62-77A2896D2A5A}"
EndProject
Project("{FAE04EC0-301F-11D3-BF4B-00C04F79EFBC}") = "Tests", "Tests\Tests.csproj", "{E2D67BD2-90FB-423E-A746-32DE8EA1A889}"
EndProject
Global
	GlobalSection(SolutionConfigurationPlatforms) = preSolution
		Debug|Any CPU = Debug|Any CPU
		Release|Any CPU = Release|Any CPU
	EndGlobalSection
	GlobalSection(ProjectConfigurationPlatforms) = postSolution
		{40226C7B-9CAE-B68E-9D34-CA1238368FD6}.Debug|Any CPU.ActiveCfg = Debug|Any CPU
		{40226C7B-9CAE-B68E-9D34-CA1238368FD6}.Debug|Any CPU.Build.0 = Debug|Any CPU
		{40226C7B-9CAE-B68E-9D34-CA1238368FD6}.Release|Any CPU.ActiveCfg = Release|Any CPU
		{40226C7B-9CAE-B68E-9D34-CA1238368FD6}.Release|Any CPU.Build.0 = Release|Any CPU
		{CBFA08EA-AECE-205F-7B85-326FD0B81BAD}.Debug|Any CPU.ActiveCfg = Debug|Any CPU
		{CBFA08EA-AECE-205F-7B85-326FD0B81BAD}.Debug|Any CPU.Build.0 = Debug|Any CPU
		{CBFA08EA-AECE-205F-7B85-326FD0B81BAD}.Release|Any CPU.ActiveCfg = Release|Any CPU
		{CBFA08EA-AECE-205F-7B85-326FD0B81BAD}.Release|Any CPU.Build.0 = Release|Any CPU
		{5872AEB3-BAA3-FE31-B0EB-0FB6DBEDCF83}.Debug|Any CPU.ActiveCfg = Debug|Any CPU
		{5872AEB3-BAA3-FE31-B0EB-0FB6DBEDCF83}.Debug|Any CPU.Build.0 = Debug|Any CPU
		{5872AEB3-BAA3-FE31-B0EB-0FB6DBEDCF83}.Release|Any CPU.ActiveCfg = Release|Any CPU
		{5872AEB3-BAA3-FE31-B0EB-0FB6DBEDCF83}.Release|Any CPU.Build.0 = Release|Any CPU
		{92845781-23F3-4772-8EE9-1BCB8939FA69}.Debug|Any CPU.ActiveCfg = Debug|Any CPU
		{92845781-23F3-4772-8EE9-1BCB8939FA69}.Debug|Any CPU.Build.0 = Debug|Any CPU
		{92845781-23F3-4772-8EE9-1BCB8939FA69}.Release|Any CPU.ActiveCfg = Release|Any CPU
		{92845781-23F3-4772-8EE9-1BCB8939FA69}.Release|Any CPU.Build.0 = Release|Any CPU
		{81DDED9D-158B-E303-5F62-77A2896D2A5A}.Debug|Any CPU.ActiveCfg = Debug|Any CPU
		{81DDED9D-158B-E303-5F62-77A2896D2A5A}.Debug|Any CPU.Build.0 = Debug|Any CPU
		{81DDED9D-158B-E303-5F62-77A2896D2A5A}.Release|Any CPU.ActiveCfg = Release|Any CPU
		{81DDED9D-158B-E303-5F62-77A2896D2A5A}.Release|Any CPU.Build.0 = Release|Any CPU
		{E2D67BD2-90FB-423E-A746-32DE8EA1A889}.Debug|Any CPU.ActiveCfg = Debug|Any CPU
		{E2D67BD2-90FB-423E-A746-32DE8EA1A889}.Debug|Any CPU.Build.0 = Debug|Any CPU
		{E2D67BD2-90FB-423E-A746-32DE8EA1A889}.Release|Any CPU.ActiveCfg = Release|Any CPU
		{E2D67BD2-90FB-423E-A746-32DE8EA1A889}.Release|Any CPU.Build.0 = Release|Any CPU
	EndGlobalSection
	GlobalSection(SolutionProperties) = preSolution
		HideSolutionNode = FALSE
	EndGlobalSection
	GlobalSection(ExtensibilityGlobals) = postSolution
		SolutionGuid = {F9C7DB80-FF8A-43D6-A43E-D6FAAFFA38F5}
	EndGlobalSection
EndGlobal
